
Microsoft Visual Studio Solution File, Format Version 12.00
# Visual Studio Version 17
VisualStudioVersion = 17.13.35806.99 d17.13
MinimumVisualStudioVersion = 10.0.40219.1
Project("{FAE04EC0-301F-11D3-BF4B-00C04F79EFBC}") = "TodoApi", "TodoApi.csproj", "{EA9365CD-9A85-4B50-930D-8CF4165FD94D}"
EndProject
Global
	GlobalSection(SolutionConfigurationPlatforms) = preSolution
		Debug|Any CPU = Debug|Any CPU
		Release|Any CPU = Release|Any CPU
	EndGlobalSection
	GlobalSection(ProjectConfigurationPlatforms) = postSolution
		{EA9365CD-9A85-4B50-930D-8CF4165FD94D}.Debug|Any CPU.ActiveCfg = Debug|Any CPU
		{EA9365CD-9A85-4B50-930D-8CF4165FD94D}.Debug|Any CPU.Build.0 = Debug|Any CPU
		{EA9365CD-9A85-4B50-930D-8CF4165FD94D}.Release|Any CPU.ActiveCfg = Release|Any CPU
		{EA9365CD-9A85-4B50-930D-8CF4165FD94D}.Release|Any CPU.Build.0 = Release|Any CPU
	EndGlobalSection
	GlobalSection(SolutionProperties) = preSolution
		HideSolutionNode = FALSE
	EndGlobalSection
	GlobalSection(ExtensibilityGlobals) = postSolution
		SolutionGuid = {C9B9E7CD-14BE-462D-B222-55D173CBD5CF}
	EndGlobalSection
EndGlobal
